{
  "name": "react-front-end",
  "lockfileVersion": 3,
  "requires": true,
  "packages": {
    "": {
      "dependencies": {
        "react-rte": "^0.16.5"
      },
      "devDependencies": {
        "@types/react-rte": "^0.16.8"
      }
    },
    "node_modules/@types/draft-js": {
      "version": "0.11.18",
      "resolved": "https://registry.npmjs.org/@types/draft-js/-/draft-js-0.11.18.tgz",
      "integrity": "sha512-lP6yJ+EKv5tcG1dflWgDKeezdwBa8wJ7KkiNrrHqXuXhl/VGes1SKjEfKHDZqOz19KQbrAhFvNhDPWwnQXYZGQ==",
      "dev": true,
      "dependencies": {
        "@types/react": "*",
        "immutable": "~3.7.4"
      }
    },
    "node_modules/@types/draft-js/node_modules/immutable": {
      "version": "3.7.6",
      "resolved": "https://registry.npmjs.org/immutable/-/immutable-3.7.6.tgz",
      "integrity": "sha512-AizQPcaofEtO11RZhPPHBOJRdo/20MKQF9mBLnVkBoyHi1/zXK8fzVdnEpSV9gxqtnh6Qomfp3F0xT5qP/vThw==",
      "dev": true,
      "engines": {
        "node": ">=0.8.0"
      }
    },
    "node_modules/@types/prop-types": {
      "version": "15.7.12",
      "resolved": "https://registry.npmjs.org/@types/prop-types/-/prop-types-15.7.12.tgz",
      "integrity": "sha512-5zvhXYtRNRluoE/jAp4GVsSduVUzNWKkOZrCDBWYtE7biZywwdC2AcEzg+cSMLFRfVgeAFqpfNabiPjxFddV1Q==",
      "dev": true
    },
    "node_modules/@types/react": {
      "version": "18.3.2",
      "resolved": "https://registry.npmjs.org/@types/react/-/react-18.3.2.tgz",
      "integrity": "sha512-Btgg89dAnqD4vV7R3hlwOxgqobUQKgx3MmrQRi0yYbs/P0ym8XozIAlkqVilPqHQwXs4e9Tf63rrCgl58BcO4w==",
      "dev": true,
      "dependencies": {
        "@types/prop-types": "*",
        "csstype": "^3.0.2"
      }
    },
    "node_modules/@types/react-rte": {
      "version": "0.16.8",
      "resolved": "https://registry.npmjs.org/@types/react-rte/-/react-rte-0.16.8.tgz",
      "integrity": "sha512-mH2JsS7clP5abrMDME5MmLLLCdaGgrNitIJgaJx/1Nw6ZlWnXNMtEAYHt188pLr8Giuz1fQ9nzb65/0e4jld/w==",
      "dev": true,
      "dependencies": {
        "@types/draft-js": "*",
        "@types/react": "*"
      }
    },
    "node_modules/asap": {
      "version": "2.0.6",
      "resolved": "https://registry.npmjs.org/asap/-/asap-2.0.6.tgz",
      "integrity": "sha512-BSHWgDSAiKs50o2Re8ppvp3seVHXSRM44cdSsT9FfNEUUZLOGWVCsiWaRPWM1Znn+mqZ1OfVZ3z3DWEzSp7hRA=="
    },
    "node_modules/babel-runtime": {
      "version": "6.26.0",
      "resolved": "https://registry.npmjs.org/babel-runtime/-/babel-runtime-6.26.0.tgz",
      "integrity": "sha512-ITKNuq2wKlW1fJg9sSW52eepoYgZBggvOAHC0u/CYu/qxQ9EVzThCgR69BnSXLHjy2f7SY5zaQ4yt7H9ZVxY2g==",
      "dependencies": {
        "core-js": "^2.4.0",
        "regenerator-runtime": "^0.11.0"
      }
    },
    "node_modules/class-autobind": {
      "version": "0.1.4",
      "resolved": "https://registry.npmjs.org/class-autobind/-/class-autobind-0.1.4.tgz",
      "integrity": "sha512-Hd4wk0aVnIiMKCI/qA006/U+yOlbLV0BVAeaQqh9NyQZMPWfIOJh5fPZqN3T9Y9UydYdfIa27Hxp+dPh7jYT3w=="
    },
    "node_modules/classnames": {
      "version": "2.5.1",
      "resolved": "https://registry.npmjs.org/classnames/-/classnames-2.5.1.tgz",
      "integrity": "sha512-saHYOzhIQs6wy2sVxTM6bUDsQO4F50V9RQ22qBpEdCW+I+/Wmke2HOl6lS6dTpdxVhb88/I6+Hs+438c3lfUow=="
    },
    "node_modules/core-js": {
      "version": "2.6.12",
      "resolved": "https://registry.npmjs.org/core-js/-/core-js-2.6.12.tgz",
      "integrity": "sha512-Kb2wC0fvsWfQrgk8HU5lW6U/Lcs8+9aaYcy4ZFc6DDlo4nZ7n70dEgE5rtR0oG6ufKDUnrwfWL1mXR5ljDatrQ==",
      "deprecated": "core-js@<3.23.3 is no longer maintained and not recommended for usage due to the number of issues. Because of the V8 engine whims, feature detection in old core-js versions could cause a slowdown up to 100x even if nothing is polyfilled. Some versions have web compatibility issues. Please, upgrade your dependencies to the actual version of core-js.",
      "hasInstallScript": true
    },
    "node_modules/cross-fetch": {
      "version": "3.1.8",
      "resolved": "https://registry.npmjs.org/cross-fetch/-/cross-fetch-3.1.8.tgz",
      "integrity": "sha512-cvA+JwZoU0Xq+h6WkMvAUqPEYy92Obet6UdKLfW60qn99ftItKjB5T+BkyWOFWe2pUyfQ+IJHmpOTznqk1M6Kg==",
      "dependencies": {
        "node-fetch": "^2.6.12"
      }
    },
    "node_modules/csstype": {
      "version": "3.1.3",
      "resolved": "https://registry.npmjs.org/csstype/-/csstype-3.1.3.tgz",
      "integrity": "sha512-M1uQkMl8rQK/szD0LNhtqxIPLpimGm8sOBwU7lLnCpSbTyY3yeU1Vc7l4KT5zT4s/yOxHH5O7tIuuLOCnLADRw==",
      "dev": true
    },
    "node_modules/draft-js": {
      "version": "0.11.7",
      "resolved": "https://registry.npmjs.org/draft-js/-/draft-js-0.11.7.tgz",
      "integrity": "sha512-ne7yFfN4sEL82QPQEn80xnADR8/Q6ALVworbC5UOSzOvjffmYfFsr3xSZtxbIirti14R7Y33EZC5rivpLgIbsg==",
      "dependencies": {
        "fbjs": "^2.0.0",
        "immutable": "~3.7.4",
        "object-assign": "^4.1.1"
      },
      "peerDependencies": {
        "react": ">=0.14.0",
        "react-dom": ">=0.14.0"
      }
    },
    "node_modules/draft-js-export-html": {
      "version": "1.4.1",
      "resolved": "https://registry.npmjs.org/draft-js-export-html/-/draft-js-export-html-1.4.1.tgz",
      "integrity": "sha512-G4VGBSalPowktIE4wp3rFbhjs+Ln9IZ2FhXeHjsZDSw0a2+h+BjKu5Enq+mcsyVb51RW740GBK8Xbf7Iic51tw==",
      "dependencies": {
        "draft-js-utils": "^1.4.0"
      },
      "peerDependencies": {
        "draft-js": ">=0.10.0",
        "immutable": "3.x.x"
      }
    },
    "node_modules/draft-js-export-markdown": {
      "version": "1.4.0",
      "resolved": "https://registry.npmjs.org/draft-js-export-markdown/-/draft-js-export-markdown-1.4.0.tgz",
      "integrity": "sha512-blfAvlhGhjVlHNaZ5WJKlrXhcftnwwC5VC+Eu3ztOGpGLaOom4hxhBjbKEWjvbQZJ9zL+xo57ukm39prYZMG5Q==",
      "dependencies": {
        "draft-js-utils": "^1.4.0"
      },
      "peerDependencies": {
        "draft-js": ">=0.10.0",
        "immutable": "3.x.x"
      }
    },
    "node_modules/draft-js-import-element": {
      "version": "1.4.0",
      "resolved": "https://registry.npmjs.org/draft-js-import-element/-/draft-js-import-element-1.4.0.tgz",
      "integrity": "sha512-WmYT5PrCm47lGL5FkH6sRO3TTAcn7qNHsD3igiPqLG/RXrqyKrqN4+wBgbcT2lhna/yfWTRtgzAbQsSJoS1Meg==",
      "dependencies": {
        "draft-js-utils": "^1.4.0",
        "synthetic-dom": "^1.4.0"
      },
      "peerDependencies": {
        "draft-js": ">=0.10.0",
        "immutable": "3.x.x"
      }
    },
    "node_modules/draft-js-import-html": {
      "version": "1.4.1",
      "resolved": "https://registry.npmjs.org/draft-js-import-html/-/draft-js-import-html-1.4.1.tgz",
      "integrity": "sha512-KOZmtgxZriCDgg5Smr3Y09TjubvXe7rHPy/2fuLSsL+aSzwUDwH/aHDA/k47U+WfpmL4qgyg4oZhqx9TYJV0tg==",
      "dependencies": {
        "draft-js-import-element": "^1.4.0"
      },
      "peerDependencies": {
        "draft-js": ">=0.10.0",
        "immutable": "3.x.x"
      }
    },
    "node_modules/draft-js-import-markdown": {
      "version": "1.4.1",
      "resolved": "https://registry.npmjs.org/draft-js-import-markdown/-/draft-js-import-markdown-1.4.1.tgz",
      "integrity": "sha512-58mDXJURrb5dsiN+cIms/gojI9jngE60WAwygYoxrEbsQeIIITOlFLjV/m/7Ko7HVpc5wjngVV2hzJ71T3FpMA==",
      "dependencies": {
        "draft-js-import-element": "^1.4.0",
        "synthetic-dom": "^1.4.0"
      },
      "peerDependencies": {
        "draft-js": ">=0.10.0",
        "immutable": "3.x.x"
      }
    },
    "node_modules/draft-js-utils": {
      "version": "1.4.1",
      "resolved": "https://registry.npmjs.org/draft-js-utils/-/draft-js-utils-1.4.1.tgz",
      "integrity": "sha512-xE81Y+z/muC5D5z9qWmKfxEW1XyXfsBzSbSBk2JRsoD0yzMGGHQm/0MtuqHl/EUDkaBJJLjJ2EACycoDMY/OOg==",
      "peerDependencies": {
        "draft-js": ">=0.10.0",
        "immutable": "3.x.x"
      }
    },
    "node_modules/draft-js/node_modules/immutable": {
      "version": "3.7.6",
      "resolved": "https://registry.npmjs.org/immutable/-/immutable-3.7.6.tgz",
      "integrity": "sha512-AizQPcaofEtO11RZhPPHBOJRdo/20MKQF9mBLnVkBoyHi1/zXK8fzVdnEpSV9gxqtnh6Qomfp3F0xT5qP/vThw==",
      "engines": {
        "node": ">=0.8.0"
      }
    },
    "node_modules/fbjs": {
      "version": "2.0.0",
      "resolved": "https://registry.npmjs.org/fbjs/-/fbjs-2.0.0.tgz",
      "integrity": "sha512-8XA8ny9ifxrAWlyhAbexXcs3rRMtxWcs3M0lctLfB49jRDHiaxj+Mo0XxbwE7nKZYzgCFoq64FS+WFd4IycPPQ==",
      "dependencies": {
        "core-js": "^3.6.4",
        "cross-fetch": "^3.0.4",
        "fbjs-css-vars": "^1.0.0",
        "loose-envify": "^1.0.0",
        "object-assign": "^4.1.0",
        "promise": "^7.1.1",
        "setimmediate": "^1.0.5",
        "ua-parser-js": "^0.7.18"
      }
    },
    "node_modules/fbjs-css-vars": {
      "version": "1.0.2",
      "resolved": "https://registry.npmjs.org/fbjs-css-vars/-/fbjs-css-vars-1.0.2.tgz",
      "integrity": "sha512-b2XGFAFdWZWg0phtAWLHCk836A1Xann+I+Dgd3Gk64MHKZO44FfoD1KxyvbSh0qZsIoXQGGlVztIY+oitJPpRQ=="
    },
    "node_modules/fbjs/node_modules/core-js": {
      "version": "3.37.1",
      "resolved": "https://registry.npmjs.org/core-js/-/core-js-3.37.1.tgz",
      "integrity": "sha512-Xn6qmxrQZyB0FFY8E3bgRXei3lWDJHhvI+u0q9TKIYM49G8pAr0FgnnrFRAmsbptZL1yxRADVXn+x5AGsbBfyw==",
      "hasInstallScript": true,
      "funding": {
        "type": "opencollective",
        "url": "https://opencollective.com/core-js"
      }
    },
    "node_modules/immutable": {
      "version": "3.8.2",
      "resolved": "https://registry.npmjs.org/immutable/-/immutable-3.8.2.tgz",
      "integrity": "sha512-15gZoQ38eYjEjxkorfbcgBKBL6R7T459OuK+CpcWt7O3KF4uPCx2tD0uFETlUDIyo+1789crbMhTvQBSR5yBMg==",
      "engines": {
        "node": ">=0.10.0"
      }
    },
    "node_modules/js-tokens": {
      "version": "4.0.0",
      "resolved": "https://registry.npmjs.org/js-tokens/-/js-tokens-4.0.0.tgz",
      "integrity": "sha512-RdJUflcE3cUzKiMqQgsCu06FPu9UdIJO0beYbPhHN4k6apgJtifcoCtT9bcxOpYBtpD2kCM6Sbzg4CausW/PKQ=="
    },
    "node_modules/loose-envify": {
      "version": "1.4.0",
      "resolved": "https://registry.npmjs.org/loose-envify/-/loose-envify-1.4.0.tgz",
      "integrity": "sha512-lyuxPGr/Wfhrlem2CL/UcnUc1zcqKAImBDzukY7Y5F/yQiNdko6+fRLevlw1HgMySw7f611UIY408EtxRSoK3Q==",
      "dependencies": {
        "js-tokens": "^3.0.0 || ^4.0.0"
      },
      "bin": {
        "loose-envify": "cli.js"
      }
    },
    "node_modules/node-fetch": {
      "version": "2.7.0",
      "resolved": "https://registry.npmjs.org/node-fetch/-/node-fetch-2.7.0.tgz",
      "integrity": "sha512-c4FRfUm/dbcWZ7U+1Wq0AwCyFL+3nt2bEw05wfxSz+DWpWsitgmSgYmy2dQdWyKC1694ELPqMs/YzUSNozLt8A==",
      "dependencies": {
        "whatwg-url": "^5.0.0"
      },
      "engines": {
        "node": "4.x || >=6.0.0"
      },
      "peerDependencies": {
        "encoding": "^0.1.0"
      },
      "peerDependenciesMeta": {
        "encoding": {
          "optional": true
        }
      }
    },
    "node_modules/object-assign": {
      "version": "4.1.1",
      "resolved": "https://registry.npmjs.org/object-assign/-/object-assign-4.1.1.tgz",
      "integrity": "sha512-rJgTQnkUnH1sFw8yT6VSU3zD3sWmu6sZhIseY8VX+GRu3P6F7Fu+JNDoXfklElbLJSnc3FUQHVe4cU5hj+BcUg==",
      "engines": {
        "node": ">=0.10.0"
      }
    },
    "node_modules/promise": {
      "version": "7.3.1",
      "resolved": "https://registry.npmjs.org/promise/-/promise-7.3.1.tgz",
      "integrity": "sha512-nolQXZ/4L+bP/UGlkfaIujX9BKxGwmQ9OT4mOt5yvy8iK1h3wqTEJCijzGANTCCl9nWjY41juyAn2K3Q1hLLTg==",
      "dependencies": {
        "asap": "~2.0.3"
      }
    },
    "node_modules/react": {
      "version": "17.0.2",
      "resolved": "https://registry.npmjs.org/react/-/react-17.0.2.tgz",
      "integrity": "sha512-gnhPt75i/dq/z3/6q/0asP78D0u592D5L1pd7M8P+dck6Fu/jJeL6iVVK23fptSUZj8Vjf++7wXA8UNclGQcbA==",
      "peer": true,
      "dependencies": {
        "loose-envify": "^1.1.0",
        "object-assign": "^4.1.1"
      },
      "engines": {
        "node": ">=0.10.0"
      }
    },
    "node_modules/react-dom": {
      "version": "17.0.2",
      "resolved": "https://registry.npmjs.org/react-dom/-/react-dom-17.0.2.tgz",
      "integrity": "sha512-s4h96KtLDUQlsENhMn1ar8t2bEa+q/YAtj8pPPdIjPDGBDIVNsrD9aXNWqspUe6AzKCIG0C1HZZLqLV7qpOBGA==",
      "peer": true,
      "dependencies": {
        "loose-envify": "^1.1.0",
        "object-assign": "^4.1.1",
        "scheduler": "^0.20.2"
      },
      "peerDependencies": {
        "react": "17.0.2"
      }
    },
    "node_modules/react-rte": {
      "version": "0.16.5",
      "resolved": "https://registry.npmjs.org/react-rte/-/react-rte-0.16.5.tgz",
      "integrity": "sha512-KoUBbl8jgAaxQIRpAfnDYjcx7Xlc/4EsgASxYKPIj/HzPuSgBxOlkPAK73V5fe7aHVhq0IfvNvhmNNpoDLQX4A==",
      "dependencies": {
        "babel-runtime": "^6.23.0",
        "class-autobind": "^0.1.4",
        "classnames": "^2.2.5",
        "draft-js": ">=0.10.0",
        "draft-js-export-html": ">=0.6.0",
        "draft-js-export-markdown": ">=0.3.0",
        "draft-js-import-html": ">=0.4.0",
        "draft-js-import-markdown": ">=0.3.0",
        "draft-js-utils": ">=0.2.0",
        "immutable": "^3.8.1"
      },
      "peerDependencies": {
        "react": "0.14.x || 15.x.x || 16.x.x || 17.x.x",
        "react-dom": "0.14.x || 15.x.x || 16.x.x || 17.x.x"
      }
    },
    "node_modules/regenerator-runtime": {
      "version": "0.11.1",
      "resolved": "https://registry.npmjs.org/regenerator-runtime/-/regenerator-runtime-0.11.1.tgz",
      "integrity": "sha512-MguG95oij0fC3QV3URf4V2SDYGJhJnJGqvIIgdECeODCT98wSWDAJ94SSuVpYQUoTcGUIL6L4yNB7j1DFFHSBg=="
    },
    "node_modules/scheduler": {
      "version": "0.20.2",
      "resolved": "https://registry.npmjs.org/scheduler/-/scheduler-0.20.2.tgz",
      "integrity": "sha512-2eWfGgAqqWFGqtdMmcL5zCMK1U8KlXv8SQFGglL3CEtd0aDVDWgeF/YoCmvln55m5zSk3J/20hTaSBeSObsQDQ==",
      "peer": true,
      "dependencies": {
        "loose-envify": "^1.1.0",
        "object-assign": "^4.1.1"
      }
    },
    "node_modules/setimmediate": {
      "version": "1.0.5",
      "resolved": "https://registry.npmjs.org/setimmediate/-/setimmediate-1.0.5.tgz",
      "integrity": "sha512-MATJdZp8sLqDl/68LfQmbP8zKPLQNV6BIZoIgrscFDQ+RsvK/BxeDQOgyxKKoh0y/8h3BqVFnCqQ/gd+reiIXA=="
    },
    "node_modules/synthetic-dom": {
      "version": "1.4.0",
      "resolved": "https://registry.npmjs.org/synthetic-dom/-/synthetic-dom-1.4.0.tgz",
      "integrity": "sha512-mHv51ZsmZ+ShT/4s5kg+MGUIhY7Ltq4v03xpN1c8T1Krb5pScsh/lzEjyhrVD0soVDbThbd2e+4dD9vnDG4rhg=="
    },
    "node_modules/tr46": {
      "version": "0.0.3",
      "resolved": "https://registry.npmjs.org/tr46/-/tr46-0.0.3.tgz",
      "integrity": "sha512-N3WMsuqV66lT30CrXNbEjx4GEwlow3v6rr4mCcv6prnfwhS01rkgyFdjPNBYd9br7LpXV1+Emh01fHnq2Gdgrw=="
    },
    "node_modules/ua-parser-js": {
      "version": "0.7.37",
      "resolved": "https://registry.npmjs.org/ua-parser-js/-/ua-parser-js-0.7.37.tgz",
      "integrity": "sha512-xV8kqRKM+jhMvcHWUKthV9fNebIzrNy//2O9ZwWcfiBFR5f25XVZPLlEajk/sf3Ra15V92isyQqnIEXRDaZWEA==",
      "funding": [
        {
          "type": "opencollective",
          "url": "https://opencollective.com/ua-parser-js"
        },
        {
          "type": "paypal",
          "url": "https://paypal.me/faisalman"
        },
        {
          "type": "github",
          "url": "https://github.com/sponsors/faisalman"
        }
      ],
      "engines": {
        "node": "*"
      }
    },
    "node_modules/webidl-conversions": {
      "version": "3.0.1",
      "resolved": "https://registry.npmjs.org/webidl-conversions/-/webidl-conversions-3.0.1.tgz",
      "integrity": "sha512-2JAn3z8AR6rjK8Sm8orRC0h/bcl/DqL7tRPdGZ4I1CjdF+EaMLmYxBHyXuKL849eucPFhvBoxMsflfOb8kxaeQ=="
    },
    "node_modules/whatwg-url": {
      "version": "5.0.0",
      "resolved": "https://registry.npmjs.org/whatwg-url/-/whatwg-url-5.0.0.tgz",
      "integrity": "sha512-saE57nupxk6v3HY35+jzBwYa0rKSy0XR8JSxZPwgLr7ys0IBzhGviA1/TUGJLmSVqs8pb9AnvICXEuOHLprYTw==",
      "dependencies": {
        "tr46": "~0.0.3",
        "webidl-conversions": "^3.0.0"
      }
    }
  }
}
